{
  "requires": true,
  "lockfileVersion": 1,
  "dependencies": {
    "ng-lazyload-image": {
      "version": "9.1.0",
      "resolved": "https://registry.npmjs.org/ng-lazyload-image/-/ng-lazyload-image-9.1.0.tgz",
      "integrity": "sha512-ZdfCXMTaehfzxcSRRThpz9YZbEA+8LPA086Od6JiylrGj0yNM7Aq830A1x6NE/M8o2VuVq93emH9m8T6SFBHlA==",
      "requires": {
        "tslib": "^2.0.0"
      }
    },
    "tslib": {
      "version": "2.3.1",
      "resolved": "https://registry.npmjs.org/tslib/-/tslib-2.3.1.tgz",
      "integrity": "sha512-77EbyPPpMz+FRFRuAFlWMtmgUWGe9UOG2Z25NqCwiIjRhOf5iKGuzSe5P2w1laq+FkRy4p+PCuVkJSGkzTEKVw=="
    }
  }
}
